
Microsoft Visual Studio Solution File, Format Version 12.00
# Visual Studio Version 17
VisualStudioVersion = 17.4.33205.214
MinimumVisualStudioVersion = 10.0.40219.1
Project("{FAE04EC0-301F-11D3-BF4B-00C04F79EFBC}") = "VegetableVideos", "VegetableVideos\VegetableVideos.csproj", "{14654E8C-BE31-4D2A-B5A9-A3D51577D351}"
EndProject
Global
	GlobalSection(SolutionConfigurationPlatforms) = preSolution
		Debug|Any CPU = Debug|Any CPU
		Release|Any CPU = Release|Any CPU
	EndGlobalSection
	GlobalSection(ProjectConfigurationPlatforms) = postSolution
		{14654E8C-BE31-4D2A-B5A9-A3D51577D351}.Debug|Any CPU.ActiveCfg = Debug|Any CPU
		{14654E8C-BE31-4D2A-B5A9-A3D51577D351}.Debug|Any CPU.Build.0 = Debug|Any CPU
		{14654E8C-BE31-4D2A-B5A9-A3D51577D351}.Release|Any CPU.ActiveCfg = Release|Any CPU
		{14654E8C-BE31-4D2A-B5A9-A3D51577D351}.Release|Any CPU.Build.0 = Release|Any CPU
	EndGlobalSection
	GlobalSection(SolutionProperties) = preSolution
		HideSolutionNode = FALSE
	EndGlobalSection
	GlobalSection(ExtensibilityGlobals) = postSolution
		SolutionGuid = {724D05B3-DD95-4674-89C3-8AB6F582882F}
	EndGlobalSection
EndGlobal
